
Microsoft Visual Studio Solution File, Format Version 12.00
# Visual Studio Version 16
VisualStudioVersion = 16.0.31112.23
MinimumVisualStudioVersion = 10.0.40219.1
Project("{9A19103F-16F7-4668-BE54-9A1E7A4F7556}") = "StaticGlobalBoyz.WebApp", "StaticGlobalBoyz.WebApp\StaticGlobalBoyz.WebApp.csproj", "{2C75B7E0-914A-4DB4-AF99-657849F668BE}"
EndProject
Project("{9A19103F-16F7-4668-BE54-9A1E7A4F7556}") = "StaticGlobalBoyz.DataAccessLibrary", "StaticGlobalBoyz.DataAccessLibrary\StaticGlobalBoyz.DataAccessLibrary.csproj", "{F3ECE19F-89B2-461B-9F2F-C4CC54231A4E}"
EndProject
Project("{FAE04EC0-301F-11D3-BF4B-00C04F79EFBC}") = "StaticGlobalBoyz.WebApi", "StaticGlobalBoyz.WebApi\StaticGlobalBoyz.WebApi.csproj", "{5F84E182-B422-480D-9BB0-977C9343F130}"
EndProject
Global
	GlobalSection(SolutionConfigurationPlatforms) = preSolution
		Debug|Any CPU = Debug|Any CPU
		Release|Any CPU = Release|Any CPU
	EndGlobalSection
	GlobalSection(ProjectConfigurationPlatforms) = postSolution
		{2C75B7E0-914A-4DB4-AF99-657849F668BE}.Debug|Any CPU.ActiveCfg = Debug|Any CPU
		{2C75B7E0-914A-4DB4-AF99-657849F668BE}.Debug|Any CPU.Build.0 = Debug|Any CPU
		{2C75B7E0-914A-4DB4-AF99-657849F668BE}.Release|Any CPU.ActiveCfg = Release|Any CPU
		{2C75B7E0-914A-4DB4-AF99-657849F668BE}.Release|Any CPU.Build.0 = Release|Any CPU
		{F3ECE19F-89B2-461B-9F2F-C4CC54231A4E}.Debug|Any CPU.ActiveCfg = Debug|Any CPU
		{F3ECE19F-89B2-461B-9F2F-C4CC54231A4E}.Debug|Any CPU.Build.0 = Debug|Any CPU
		{F3ECE19F-89B2-461B-9F2F-C4CC54231A4E}.Release|Any CPU.ActiveCfg = Release|Any CPU
		{F3ECE19F-89B2-461B-9F2F-C4CC54231A4E}.Release|Any CPU.Build.0 = Release|Any CPU
		{5F84E182-B422-480D-9BB0-977C9343F130}.Debug|Any CPU.ActiveCfg = Debug|Any CPU
		{5F84E182-B422-480D-9BB0-977C9343F130}.Debug|Any CPU.Build.0 = Debug|Any CPU
		{5F84E182-B422-480D-9BB0-977C9343F130}.Release|Any CPU.ActiveCfg = Release|Any CPU
		{5F84E182-B422-480D-9BB0-977C9343F130}.Release|Any CPU.Build.0 = Release|Any CPU
	EndGlobalSection
	GlobalSection(SolutionProperties) = preSolution
		HideSolutionNode = FALSE
	EndGlobalSection
	GlobalSection(ExtensibilityGlobals) = postSolution
		SolutionGuid = {0540EC28-F292-4EFA-8773-37B5C449D39A}
	EndGlobalSection
EndGlobal
